
Microsoft Visual Studio Solution File, Format Version 12.00
# Visual Studio 15
VisualStudioVersion = 15.0.27130.2036
MinimumVisualStudioVersion = 10.0.40219.1
Project("{FAE04EC0-301F-11D3-BF4B-00C04F79EFBC}") = "Anetta", "Anetta\Anetta.csproj", "{3B26409F-3603-4EB7-9BA1-65D0D4F70F59}"
EndProject
Project("{2150E333-8FDC-42A3-9474-1A3956D46DE8}") = "Solution Items", "Solution Items", "{8890CD66-0812-4672-A568-8752B4956FE2}"
	ProjectSection(SolutionItems) = preProject
		.gitattributes = .gitattributes
		.gitignore = .gitignore
		appveyor.yml = appveyor.yml
		README.md = README.md
	EndProjectSection
EndProject
Global
	GlobalSection(SolutionConfigurationPlatforms) = preSolution
		Debug|Any CPU = Debug|Any CPU
		Release|Any CPU = Release|Any CPU
	EndGlobalSection
	GlobalSection(ProjectConfigurationPlatforms) = postSolution
		{3B26409F-3603-4EB7-9BA1-65D0D4F70F59}.Debug|Any CPU.ActiveCfg = Debug|Any CPU
		{3B26409F-3603-4EB7-9BA1-65D0D4F70F59}.Debug|Any CPU.Build.0 = Debug|Any CPU
		{3B26409F-3603-4EB7-9BA1-65D0D4F70F59}.Release|Any CPU.ActiveCfg = Release|Any CPU
		{3B26409F-3603-4EB7-9BA1-65D0D4F70F59}.Release|Any CPU.Build.0 = Release|Any CPU
	EndGlobalSection
	GlobalSection(SolutionProperties) = preSolution
		HideSolutionNode = FALSE
	EndGlobalSection
	GlobalSection(ExtensibilityGlobals) = postSolution
		SolutionGuid = {BB1360C9-9D80-4A07-BECE-3EA9A5CE03FB}
	EndGlobalSection
EndGlobal
